{
  "version": 4,
  "terraform_version": "1.5.7",
  "serial": 47,
  "lineage": "ab4054f9-7180-bcac-44e3-00766ccad76c",
  "outputs": {},
  "resources": [
    {
      "mode": "managed",
      "type": "google_compute_network",
      "name": "vpc",
      "provider": "provider[\"registry.terraform.io/hashicorp/google\"]",
      "instances": [
        {
          "schema_version": 0,
          "attributes": {
            "auto_create_subnetworks": false,
            "delete_default_routes_on_create": false,
            "description": "",
            "enable_ula_internal_ipv6": false,
            "gateway_ipv4": "",
            "id": "projects/devops-iz/global/networks/devops-iz-vpc",
            "internal_ipv6_range": "",
            "mtu": 0,
            "name": "devops-iz-vpc",
            "network_firewall_policy_enforcement_order": "AFTER_CLASSIC_FIREWALL",
            "project": "devops-iz",
            "routing_mode": "REGIONAL",
            "self_link": "https://www.googleapis.com/compute/v1/projects/devops-iz/global/networks/devops-iz-vpc",
            "timeouts": null
          },
          "sensitive_attributes": [],
          "private": "eyJlMmJmYjczMC1lY2FhLTExZTYtOGY4OC0zNDM2M2JjN2M0YzAiOnsiY3JlYXRlIjoxMjAwMDAwMDAwMDAwLCJkZWxldGUiOjEyMDAwMDAwMDAwMDAsInVwZGF0ZSI6MTIwMDAwMDAwMDAwMH19"
        }
      ]
    },
    {
      "mode": "managed",
      "type": "google_compute_subnetwork",
      "name": "subnet",
      "provider": "provider[\"registry.terraform.io/hashicorp/google\"]",
      "instances": [
        {
          "schema_version": 0,
          "attributes": {
            "creation_timestamp": "2023-09-14T04:59:24.519-07:00",
            "description": "",
            "external_ipv6_prefix": "",
            "fingerprint": null,
            "gateway_address": "10.10.0.1",
            "id": "projects/devops-iz/regions/us-central1/subnetworks/devops-iz-subnet",
            "ip_cidr_range": "10.10.0.0/24",
            "ipv6_access_type": "",
            "ipv6_cidr_range": "",
            "log_config": [],
            "name": "devops-iz-subnet",
            "network": "https://www.googleapis.com/compute/v1/projects/devops-iz/global/networks/devops-iz-vpc",
            "private_ip_google_access": true,
            "private_ipv6_google_access": "DISABLE_GOOGLE_ACCESS",
            "project": "devops-iz",
            "purpose": "PRIVATE",
            "region": "us-central1",
            "role": "",
            "secondary_ip_range": [],
            "self_link": "https://www.googleapis.com/compute/v1/projects/devops-iz/regions/us-central1/subnetworks/devops-iz-subnet",
            "stack_type": "IPV4_ONLY",
            "timeouts": null
          },
          "sensitive_attributes": [],
          "private": "eyJlMmJmYjczMC1lY2FhLTExZTYtOGY4OC0zNDM2M2JjN2M0YzAiOnsiY3JlYXRlIjoxMjAwMDAwMDAwMDAwLCJkZWxldGUiOjEyMDAwMDAwMDAwMDAsInVwZGF0ZSI6MTIwMDAwMDAwMDAwMH19",
          "dependencies": [
            "google_compute_network.vpc"
          ]
        }
      ]
    },
    {
      "mode": "managed",
      "type": "google_container_cluster",
      "name": "primary",
      "provider": "provider[\"registry.terraform.io/hashicorp/google\"]",
      "instances": [
        {
          "schema_version": 1,
          "attributes": {
            "addons_config": [
              {
                "cloudrun_config": [],
                "config_connector_config": [],
                "dns_cache_config": [],
                "gce_persistent_disk_csi_driver_config": [
                  {
                    "enabled": true
                  }
                ],
                "gcp_filestore_csi_driver_config": [],
                "gcs_fuse_csi_driver_config": [],
                "gke_backup_agent_config": [],
                "horizontal_pod_autoscaling": [],
                "http_load_balancing": [],
                "network_policy_config": [
                  {
                    "disabled": true
                  }
                ]
              }
            ],
            "allow_net_admin": null,
            "authenticator_groups_config": [],
            "binary_authorization": [
              {
                "enabled": false,
                "evaluation_mode": ""
              }
            ],
            "cluster_autoscaling": [
              {
                "auto_provisioning_defaults": [],
                "enabled": false,
                "resource_limits": []
              }
            ],
            "cluster_ipv4_cidr": "10.104.0.0/14",
            "confidential_nodes": [],
            "cost_management_config": [],
            "database_encryption": [
              {
                "key_name": "",
                "state": "DECRYPTED"
              }
            ],
            "datapath_provider": "",
            "default_max_pods_per_node": null,
            "default_snat_status": [
              {
                "disabled": false
              }
            ],
            "description": "",
            "dns_config": [],
            "enable_autopilot": false,
            "enable_binary_authorization": false,
            "enable_intranode_visibility": false,
            "enable_k8s_beta_apis": [],
            "enable_kubernetes_alpha": false,
            "enable_l4_ilb_subsetting": false,
            "enable_legacy_abac": false,
            "enable_shielded_nodes": true,
            "enable_tpu": false,
            "endpoint": "34.173.101.5",
            "gateway_api_config": [],
            "id": "projects/devops-iz/locations/us-central1-a/clusters/devops-iz-gke",
            "initial_node_count": 1,
            "ip_allocation_policy": [],
            "label_fingerprint": "a9dc16a7",
            "location": "us-central1-a",
            "logging_config": [
              {
                "enable_components": [
                  "SYSTEM_COMPONENTS",
                  "WORKLOADS"
                ]
              }
            ],
            "logging_service": "logging.googleapis.com/kubernetes",
            "maintenance_policy": [],
            "master_auth": [
              {
                "client_certificate": "",
                "client_certificate_config": [
                  {
                    "issue_client_certificate": false
                  }
                ],
                "client_key": "",
                "cluster_ca_certificate": "LS0tLS1CRUdJTiBDRVJUSUZJQ0FURS0tLS0tCk1JSUVMVENDQXBXZ0F3SUJBZ0lSQU0rT0F1MUhHUEw5ZG11TStySDUwRHd3RFFZSktvWklodmNOQVFFTEJRQXcKTHpFdE1Dc0dBMVVFQXhNa1lUUXlOamd6WXpZdE1qSmxZUzAwWWprM0xXRmhZakl0WlRFMk5HWTJaV1V3TWpBegpNQ0FYRFRJek1Ea3hOREV3TlRrME0xb1lEekl3TlRNd09UQTJNVEUxT1RReldqQXZNUzB3S3dZRFZRUURFeVJoCk5ESTJPRE5qTmkweU1tVmhMVFJpT1RjdFlXRmlNaTFsTVRZMFpqWmxaVEF5TURNd2dnR2lNQTBHQ1NxR1NJYjMKRFFFQkFRVUFBNElCandBd2dnR0tBb0lCZ1FDNFJjQzRwTFkvYTdtUzgrUHlmZkhmNVcyZGVpQ1ZpSUZZQkNQYQp3TDRYRzI2VXU3b2NVNkVMb3BVYnN2UngzYk5Ta1JiM3RHZ293ZVN2T3RKTVYxV1o0T0xRdWI0dFh3V29pck1HCm43RGMwWjNMOTB0VnA2eXF1L2tLQXdhRWFkeUlpT3NOSWd0WmcreEUydFQwNURIUGQxdTV5Ykg5NlQvZnVIL3IKSC9UaHpzWVIxNGFHV2kzN1h5NDE0emZBdElXc1FVMWRkWjRaNC9lT3hnQTlvcXBtU2FQQ29UWkFMQ05YYjd6VgpCMUNEUWY5b2xwQlNhRjExRWxIamNyNjFnbFlxdWtkbUpXQnZKLzVyRkVwd3FwVFBqUkIxK3loRFdyalBCenpGClAvUlI3bUpTQVh6TGFQK0ZXNktNQWEyK3JnRXcwZUhqekpqdWc1Y0tMTzJibVkxNkNHcjhMcGw4QXJvNGl3OTQKRkVFVGdaU3NxN3p2UUtUVjV2TDZLbXNYaDFRSG5CR3Z4ZThMeGVuWHJ5Rk14ckxYbHVyUkpUNncxZS9zSzh3bgpnYm5LVjZzdTlyS1RlR0EwQlVWUnRqRjRLOFNZaDRKRkhqN3JoU05BTzJoQ0I4UWp2azdNVkV3U2F0NEJzZmZUCkNBK2dpYTdLY2MzVTlNYVFLSG1uVzU4TktrVUNBd0VBQWFOQ01FQXdEZ1lEVlIwUEFRSC9CQVFEQWdJRU1BOEcKQTFVZEV3RUIvd1FGTUFNQkFmOHdIUVlEVlIwT0JCWUVGQVJqc1huM0IwUXlHWG1MbG9Eekd6QTN4QkNHTUEwRwpDU3FHU0liM0RRRUJDd1VBQTRJQmdRQTdnZlYvY3JaVDVmZ3JlQnVsTUJ2V1JnelVJNnRRcjB2aENHeFpIWXJtCkpoTVFJdTFwRVNtTlZUdnh1R2lBZ3pHOXczSkxoMmZQeWF1MWloeHE5VFNFUFdwcW1EYW14SXVVeFBWSk5WQzQKMXdaWEl1bWM0eldLL2RyWG9DeHhEN3U0VmpxRE5GNFQ0NmtJTU1qWk1rQmZCVy9nM1NoMTNUVEtvNnZNZG5SdQpDQTUvNUVSdloxdVo4N2RuUVdYdEpLZUp1OTFvRi9tejdwdE1vQ0pKRnUwM3JNWHVLTEEwdkY5S2JoeFlKY1lQCkZ6TVZPaGVQZCtVc1Jva1k5QWp3SUJSVXRBUmZXOWpJQVRIQ2lsNzlQQnFGdTBNdG4xRjFzN0lQYjFpY0owVUMKWFZOdStpTXBNTkw5RmM2VzlyV0pkcmxrUjBHbVJVRUJYVGo5QVdsUnNCMDVCcHdhSGY4LzBuN0RKQ0dYWmliRApwRDBrcmxMYzcyVWZHQmo5ZVRBV0grb24rYlZyTUczcW1DWEJDYU55SWRTSkhwYzdueWhnZDF0MC8rVFo0ZloxCmlXQ2RNc3E2NVh6VXk3QXJMaDJVT1Zyd1B0d2FRbVcyeVBHMThBQktHUXJaaTRxWWZnVVFZNkhtUTA2TGNkeTMKTTZPT25nTjdLODF1Mjhsa0ZFdk1UNWM9Ci0tLS0tRU5EIENFUlRJRklDQVRFLS0tLS0K"
              }
            ],
            "master_authorized_networks_config": [],
            "master_version": "1.27.3-gke.100",
            "mesh_certificates": [],
            "min_master_version": null,
            "monitoring_config": [
              {
                "advanced_datapath_observability_config": [
                  {
                    "enable_metrics": false,
                    "relay_mode": "DISABLED"
                  }
                ],
                "enable_components": [
                  "SYSTEM_COMPONENTS"
                ],
                "managed_prometheus": [
                  {
                    "enabled": true
                  }
                ]
              }
            ],
            "monitoring_service": "monitoring.googleapis.com/kubernetes",
            "name": "devops-iz-gke",
            "network": "projects/devops-iz/global/networks/devops-iz-vpc",
            "network_policy": [
              {
                "enabled": false,
                "provider": "PROVIDER_UNSPECIFIED"
              }
            ],
            "networking_mode": "ROUTES",
            "node_config": [],
            "node_locations": [],
            "node_pool": [],
            "node_pool_defaults": [
              {
                "node_config_defaults": [
                  {
                    "logging_variant": "DEFAULT"
                  }
                ]
              }
            ],
            "node_version": "1.27.3-gke.100",
            "notification_config": [
              {
                "pubsub": [
                  {
                    "enabled": false,
                    "filter": [],
                    "topic": ""
                  }
                ]
              }
            ],
            "operation": null,
            "private_cluster_config": [
              {
                "enable_private_endpoint": false,
                "enable_private_nodes": false,
                "master_global_access_config": [
                  {
                    "enabled": false
                  }
                ],
                "master_ipv4_cidr_block": "",
                "peering_name": "",
                "private_endpoint": "10.10.0.2",
                "private_endpoint_subnetwork": "",
                "public_endpoint": "34.173.101.5"
              }
            ],
            "private_ipv6_google_access": "",
            "project": "devops-iz",
            "release_channel": [
              {
                "channel": "REGULAR"
              }
            ],
            "remove_default_node_pool": true,
            "resource_labels": {},
            "resource_usage_export_config": [],
            "security_posture_config": [
              {
                "mode": "BASIC",
                "vulnerability_mode": "VULNERABILITY_MODE_UNSPECIFIED"
              }
            ],
            "self_link": "https://container.googleapis.com/v1/projects/devops-iz/zones/us-central1-a/clusters/devops-iz-gke",
            "service_external_ips_config": [
              {
                "enabled": false
              }
            ],
            "services_ipv4_cidr": "10.107.240.0/20",
            "subnetwork": "projects/devops-iz/regions/us-central1/subnetworks/devops-iz-subnet",
            "timeouts": null,
            "tpu_ipv4_cidr_block": "",
            "vertical_pod_autoscaling": [],
            "workload_identity_config": []
          },
          "sensitive_attributes": [],
          "private": "eyJlMmJmYjczMC1lY2FhLTExZTYtOGY4OC0zNDM2M2JjN2M0YzAiOnsiY3JlYXRlIjoyNDAwMDAwMDAwMDAwLCJkZWxldGUiOjI0MDAwMDAwMDAwMDAsInJlYWQiOjI0MDAwMDAwMDAwMDAsInVwZGF0ZSI6MzYwMDAwMDAwMDAwMH0sInNjaGVtYV92ZXJzaW9uIjoiMSJ9",
          "dependencies": [
            "google_compute_network.vpc",
            "google_compute_subnetwork.subnet"
          ]
        }
      ]
    }
  ],
  "check_results": null
}
